
Microsoft Visual Studio Solution File, Format Version 12.00
# Visual Studio Version 16
VisualStudioVersion = 16.0.30804.86
MinimumVisualStudioVersion = 10.0.40219.1
Project("{9A19103F-16F7-4668-BE54-9A1E7A4F7556}") = "Faultify.MemoryTest", "Faultify.MemoryTest\Faultify.MemoryTest.csproj", "{61EF7C2A-994B-4E8E-90A4-FCDF583E86B2}"
EndProject
Project("{9A19103F-16F7-4668-BE54-9A1E7A4F7556}") = "Faultify.MemoryTest.Console", "Faultify.MemoryTest.Console\Faultify.MemoryTest.Console.csproj", "{117C8618-9AF9-4301-8538-C225DE399DC4}"
EndProject
Project("{9A19103F-16F7-4668-BE54-9A1E7A4F7556}") = "Faultify.MemoryTest.XUnit", "Faultify.MemoryTest.XUnit\Faultify.MemoryTest.XUnit.csproj", "{1635FA62-6F82-473C-9735-4DB51EAF2F3A}"
EndProject
Project("{9A19103F-16F7-4668-BE54-9A1E7A4F7556}") = "Faultify.MemoryTest.NUnit", "Faultify.MemoryTest.NUnit\Faultify.MemoryTest.NUnit.csproj", "{78436BBC-DF27-4C8D-9735-BC797E3D0A1A}"
EndProject
Global
	GlobalSection(SolutionConfigurationPlatforms) = preSolution
		Debug|Any CPU = Debug|Any CPU
		Release|Any CPU = Release|Any CPU
	EndGlobalSection
	GlobalSection(ProjectConfigurationPlatforms) = postSolution
		{61EF7C2A-994B-4E8E-90A4-FCDF583E86B2}.Debug|Any CPU.ActiveCfg = Debug|Any CPU
		{61EF7C2A-994B-4E8E-90A4-FCDF583E86B2}.Debug|Any CPU.Build.0 = Debug|Any CPU
		{61EF7C2A-994B-4E8E-90A4-FCDF583E86B2}.Release|Any CPU.ActiveCfg = Release|Any CPU
		{61EF7C2A-994B-4E8E-90A4-FCDF583E86B2}.Release|Any CPU.Build.0 = Release|Any CPU
		{117C8618-9AF9-4301-8538-C225DE399DC4}.Debug|Any CPU.ActiveCfg = Debug|Any CPU
		{117C8618-9AF9-4301-8538-C225DE399DC4}.Debug|Any CPU.Build.0 = Debug|Any CPU
		{117C8618-9AF9-4301-8538-C225DE399DC4}.Release|Any CPU.ActiveCfg = Release|Any CPU
		{117C8618-9AF9-4301-8538-C225DE399DC4}.Release|Any CPU.Build.0 = Release|Any CPU
		{1635FA62-6F82-473C-9735-4DB51EAF2F3A}.Debug|Any CPU.ActiveCfg = Debug|Any CPU
		{1635FA62-6F82-473C-9735-4DB51EAF2F3A}.Debug|Any CPU.Build.0 = Debug|Any CPU
		{1635FA62-6F82-473C-9735-4DB51EAF2F3A}.Release|Any CPU.ActiveCfg = Release|Any CPU
		{1635FA62-6F82-473C-9735-4DB51EAF2F3A}.Release|Any CPU.Build.0 = Release|Any CPU
		{78436BBC-DF27-4C8D-9735-BC797E3D0A1A}.Debug|Any CPU.ActiveCfg = Debug|Any CPU
		{78436BBC-DF27-4C8D-9735-BC797E3D0A1A}.Debug|Any CPU.Build.0 = Debug|Any CPU
		{78436BBC-DF27-4C8D-9735-BC797E3D0A1A}.Release|Any CPU.ActiveCfg = Release|Any CPU
		{78436BBC-DF27-4C8D-9735-BC797E3D0A1A}.Release|Any CPU.Build.0 = Release|Any CPU
	EndGlobalSection
	GlobalSection(SolutionProperties) = preSolution
		HideSolutionNode = FALSE
	EndGlobalSection
	GlobalSection(ExtensibilityGlobals) = postSolution
		SolutionGuid = {0BA42264-F714-4F70-9DF0-33525E0A7008}
	EndGlobalSection
EndGlobal
